
Microsoft Visual Studio Solution File, Format Version 12.00
# Visual Studio Version 17
VisualStudioVersion = 17.11.35312.102
MinimumVisualStudioVersion = 10.0.40219.1
Project("{8BC9CEB8-8B4A-11D0-8D11-00A0C91BC942}") = "Tut3_4", "Tut3_4\Tut3_4.vcxproj", "{95DEF760-0B35-487E-B0F0-BAC19BE7DFB3}"
EndProject
Global
	GlobalSection(SolutionConfigurationPlatforms) = preSolution
		Debug|x64 = Debug|x64
		Debug|x86 = Debug|x86
		Release|x64 = Release|x64
		Release|x86 = Release|x86
	EndGlobalSection
	GlobalSection(ProjectConfigurationPlatforms) = postSolution
		{95DEF760-0B35-487E-B0F0-BAC19BE7DFB3}.Debug|x64.ActiveCfg = Debug|x64
		{95DEF760-0B35-487E-B0F0-BAC19BE7DFB3}.Debug|x64.Build.0 = Debug|x64
		{95DEF760-0B35-487E-B0F0-BAC19BE7DFB3}.Debug|x86.ActiveCfg = Debug|Win32
		{95DEF760-0B35-487E-B0F0-BAC19BE7DFB3}.Debug|x86.Build.0 = Debug|Win32
		{95DEF760-0B35-487E-B0F0-BAC19BE7DFB3}.Release|x64.ActiveCfg = Release|x64
		{95DEF760-0B35-487E-B0F0-BAC19BE7DFB3}.Release|x64.Build.0 = Release|x64
		{95DEF760-0B35-487E-B0F0-BAC19BE7DFB3}.Release|x86.ActiveCfg = Release|Win32
		{95DEF760-0B35-487E-B0F0-BAC19BE7DFB3}.Release|x86.Build.0 = Release|Win32
	EndGlobalSection
	GlobalSection(SolutionProperties) = preSolution
		HideSolutionNode = FALSE
	EndGlobalSection
	GlobalSection(ExtensibilityGlobals) = postSolution
		SolutionGuid = {84BC53AB-E1AF-4FE3-B331-DEB3FB59612A}
	EndGlobalSection
EndGlobal
